PODS:
  - DACircularProgress (2.3.1)
  - MapleBacon (3.1.0)
  - MBProgressHUD (0.9.2)
  - MediaBrowser (0.1.0):
    - DACircularProgress (~> 2.3)
    - MapleBacon
    - MBProgressHUD (~> 0.9)

DEPENDENCIES:
  - MediaBrowser (from `./`)

EXTERNAL SOURCES:
  MediaBrowser:
    :path: "./"

SPEC CHECKSUMS:
  DACircularProgress: 4dd437c0fc3da5161cb289e07ac449493d41db71
  MapleBacon: 03b7a3d61409f8ae286ead261590e4a650754b09
  MBProgressHUD: 1569cf7ace17a8bac47aabfbb8580a49690386d1
  MediaBrowser: be2d01385b26ba69c9ffe432a32be86fe1033b3a

PODFILE CHECKSUM: b8166d49b6e293b990affeefb1d1588f012428d4

COCOAPODS: 1.2.1
