PODS:
  - SDWebImage (4.4.6):
    - SDWebImage/Core (= 4.4.6)
  - SDWebImage/Core (4.4.6)
  - UICircularProgressRing (6.1.0)

DEPENDENCIES:
  - SDWebImage
  - UICircularProgressRing

SPEC REPOS:
  https://github.com/cocoapods/specs.git:
    - SDWebImage
    - UICircularProgressRing

SPEC CHECKSUMS:
  SDWebImage: 3f3f0c02f09798048c47a5ed0a13f17b063572d8
  UICircularProgressRing: b3eba859a515e4d9d38503eec913f09c28450785

PODFILE CHECKSUM: 42bd06b5e663f5a30e60f4f50ef7eba221842033

COCOAPODS: 1.6.1
