// !$*UTF8*$!
{
	archiveVersion = 1;
	classes = {
	};
	objectVersion = 46;
	objects = {

/* Begin PBXBuildFile section */
		1782752C1C0AD35E459547A2 /* Pods_MediaBrowser.framework in Frameworks */ = {isa = PBXBuildFile; fileRef = 570922FC966732103FB7D306 /* Pods_MediaBrowser.framework */; };
		1906ABB61F5F81120052DC3A /* MediaBrowser.h in Headers */ = {isa = PBXBuildFile; fileRef = 1906ABB41F5F81120052DC3A /* MediaBrowser.h */; settings = {ATTRIBUTES = (Public, ); }; };
		1906ABC31F5F812D0052DC3A /* AppDelegate.swift in Sources */ = {isa = PBXBuildFile; fileRef = 1906ABC21F5F812D0052DC3A /* AppDelegate.swift */; };
		1906ABC51F5F812D0052DC3A /* ViewController.swift in Sources */ = {isa = PBXBuildFile; fileRef = 1906ABC41F5F812D0052DC3A /* ViewController.swift */; };
		1906ABC81F5F812D0052DC3A /* Main.storyboard in Resources */ = {isa = PBXBuildFile; fileRef = 1906ABC61F5F812D0052DC3A /* Main.storyboard */; };
		1906ABDD1F5F83960052DC3A /* MediaCaptionView.swift in Sources */ = {isa = PBXBuildFile; fileRef = 1906ABD21F5F83960052DC3A /* MediaCaptionView.swift */; };
		1906ABDE1F5F83960052DC3A /* MediaGridCell.swift in Sources */ = {isa = PBXBuildFile; fileRef = 1906ABD31F5F83960052DC3A /* MediaGridCell.swift */; };
		1906ABDF1F5F83960052DC3A /* MediaGridViewController.swift in Sources */ = {isa = PBXBuildFile; fileRef = 1906ABD41F5F83960052DC3A /* MediaGridViewController.swift */; };
		1906ABE11F5F83960052DC3A /* Media.swift in Sources */ = {isa = PBXBuildFile; fileRef = 1906ABD61F5F83960052DC3A /* Media.swift */; };
		1906ABE41F5F83960052DC3A /* MediaTapDetectingImageView.swift in Sources */ = {isa = PBXBuildFile; fileRef = 1906ABD91F5F83960052DC3A /* MediaTapDetectingImageView.swift */; };
		1906ABE51F5F83960052DC3A /* MediaTapDetectingView.swift in Sources */ = {isa = PBXBuildFile; fileRef = 1906ABDA1F5F83960052DC3A /* MediaTapDetectingView.swift */; };
		1906ABE61F5F83960052DC3A /* UIImageExtension.swift in Sources */ = {isa = PBXBuildFile; fileRef = 1906ABDB1F5F83960052DC3A /* UIImageExtension.swift */; };
		1906ABE71F5F83960052DC3A /* MediaZoomingScrollView.swift in Sources */ = {isa = PBXBuildFile; fileRef = 1906ABDC1F5F83960052DC3A /* MediaZoomingScrollView.swift */; };
		1906ABE91F5F9A100052DC3A /* MediaBrowser.xcassets in Resources */ = {isa = PBXBuildFile; fileRef = 1906ABE81F5F9A100052DC3A /* MediaBrowser.xcassets */; };
		192BD20E22509CE900864527 /* MediaBrowser.framework in Frameworks */ = {isa = PBXBuildFile; fileRef = 1906ABB11F5F81110052DC3A /* MediaBrowser.framework */; };
		192BD20F22509CE900864527 /* MediaBrowser.framework in Embed Frameworks */ = {isa = PBXBuildFile; fileRef = 1906ABB11F5F81110052DC3A /* MediaBrowser.framework */; settings = {ATTRIBUTES = (CodeSignOnCopy, RemoveHeadersOnCopy, ); }; };
		192BD21F2250A89F00864527 /* MediaBrowser+UIScrollViewDelegate.swift in Sources */ = {isa = PBXBuildFile; fileRef = 192BD21C2250A89F00864527 /* MediaBrowser+UIScrollViewDelegate.swift */; };
		192BD2202250A89F00864527 /* MediaBrowser.swift in Sources */ = {isa = PBXBuildFile; fileRef = 192BD21D2250A89F00864527 /* MediaBrowser.swift */; };
		192BD2212250A89F00864527 /* MediaBrowser+Paging.swift in Sources */ = {isa = PBXBuildFile; fileRef = 192BD21E2250A89F00864527 /* MediaBrowser+Paging.swift */; };
		1937C44C1F610CBF00D8724E /* Assets.xcassets in Resources */ = {isa = PBXBuildFile; fileRef = 1937C44B1F610CBF00D8724E /* Assets.xcassets */; };
		1937C44E1F62243F00D8724E /* DemoData.swift in Sources */ = {isa = PBXBuildFile; fileRef = 1937C44D1F62243F00D8724E /* DemoData.swift */; };
		19B277C01F63BE5400194941 /* LaunchScreen.xib in Resources */ = {isa = PBXBuildFile; fileRef = 19B277BE1F63BE5400194941 /* LaunchScreen.xib */; };
		19E1F62C1F5FD5F8004D3BA8 /* Atoms.mp4 in Resources */ = {isa = PBXBuildFile; fileRef = 19E1F62B1F5FD5F8004D3BA8 /* Atoms.mp4 */; };
		19E1F62E1F5FD8EE004D3BA8 /* MediaBrowserDelegate.swift in Sources */ = {isa = PBXBuildFile; fileRef = 19E1F62D1F5FD8EE004D3BA8 /* MediaBrowserDelegate.swift */; };
		71596D6C20148BBE00870E29 /* SDWebImage.framework in Frameworks */ = {isa = PBXBuildFile; fileRef = 71596D6B20148BBE00870E29 /* SDWebImage.framework */; settings = {ATTRIBUTES = (Required, ); }; };
		71596D6E20148BC300870E29 /* UICircularProgressRing.framework in Frameworks */ = {isa = PBXBuildFile; fileRef = 71596D6D20148BC300870E29 /* UICircularProgressRing.framework */; settings = {ATTRIBUTES = (Required, ); }; };
		786961890EA7C05AB0704224 /* Pods_MediaBrowserDemo.framework in Frameworks */ = {isa = PBXBuildFile; fileRef = 0E7711DC6E06460185D3F457 /* Pods_MediaBrowserDemo.framework */; };
/* End PBXBuildFile section */

/* Begin PBXContainerItemProxy section */
		192BD21022509CE900864527 /* PBXContainerItemProxy */ = {
			isa = PBXContainerItemProxy;
			containerPortal = 1906ABA81F5F81110052DC3A /* Project object */;
			proxyType = 1;
			remoteGlobalIDString = 1906ABB01F5F81110052DC3A;
			remoteInfo = MediaBrowser;
		};
/* End PBXContainerItemProxy section */

/* Begin PBXCopyFilesBuildPhase section */
		192BD21222509CEA00864527 /* Embed Frameworks */ = {
			isa = PBXCopyFilesBuildPhase;
			buildActionMask = 2147483647;
			dstPath = "";
			dstSubfolderSpec = 10;
			files = (
				192BD20F22509CE900864527 /* MediaBrowser.framework in Embed Frameworks */,
			);
			name = "Embed Frameworks";
			runOnlyForDeploymentPostprocessing = 0;
		};
/* End PBXCopyFilesBuildPhase section */

/* Begin PBXFileReference section */
		0E7711DC6E06460185D3F457 /* Pods_MediaBrowserDemo.framework */ = {isa = PBXFileReference; explicitFileType = wrapper.framework; includeInIndex = 0; path = Pods_MediaBrowserDemo.framework; sourceTree = BUILT_PRODUCTS_DIR; };
		1906ABB11F5F81110052DC3A /* MediaBrowser.framework */ = {isa = PBXFileReference; explicitFileType = wrapper.framework; includeInIndex = 0; path = MediaBrowser.framework; sourceTree = BUILT_PRODUCTS_DIR; };
		1906ABB41F5F81120052DC3A /* MediaBrowser.h */ = {isa = PBXFileReference; lastKnownFileType = sourcecode.c.h; path = MediaBrowser.h; sourceTree = "<group>"; };
		1906ABB51F5F81120052DC3A /* Info.plist */ = {isa = PBXFileReference; lastKnownFileType = text.plist.xml; path = Info.plist; sourceTree = "<group>"; };
		1906ABC01F5F812D0052DC3A /* MediaBrowserDemo.app */ = {isa = PBXFileReference; explicitFileType = wrapper.application; includeInIndex = 0; path = MediaBrowserDemo.app; sourceTree = BUILT_PRODUCTS_DIR; };
		1906ABC21F5F812D0052DC3A /* AppDelegate.swift */ = {isa = PBXFileReference; lastKnownFileType = sourcecode.swift; path = AppDelegate.swift; sourceTree = "<group>"; };
		1906ABC41F5F812D0052DC3A /* ViewController.swift */ = {isa = PBXFileReference; lastKnownFileType = sourcecode.swift; path = ViewController.swift; sourceTree = "<group>"; };
		1906ABC71F5F812D0052DC3A /* Base */ = {isa = PBXFileReference; lastKnownFileType = file.storyboard; name = Base; path = Base.lproj/Main.storyboard; sourceTree = "<group>"; };
		1906ABCE1F5F812D0052DC3A /* Info.plist */ = {isa = PBXFileReference; lastKnownFileType = text.plist.xml; path = Info.plist; sourceTree = "<group>"; };
		1906ABD21F5F83960052DC3A /* MediaCaptionView.swift */ = {isa = PBXFileReference; fileEncoding = 4; lastKnownFileType = sourcecode.swift; path = MediaCaptionView.swift; sourceTree = "<group>"; };
		1906ABD31F5F83960052DC3A /* MediaGridCell.swift */ = {isa = PBXFileReference; fileEncoding = 4; lastKnownFileType = sourcecode.swift; path = MediaGridCell.swift; sourceTree = "<group>"; };
		1906ABD41F5F83960052DC3A /* MediaGridViewController.swift */ = {isa = PBXFileReference; fileEncoding = 4; lastKnownFileType = sourcecode.swift; path = MediaGridViewController.swift; sourceTree = "<group>"; };
		1906ABD61F5F83960052DC3A /* Media.swift */ = {isa = PBXFileReference; fileEncoding = 4; lastKnownFileType = sourcecode.swift; path = Media.swift; sourceTree = "<group>"; };
		1906ABD91F5F83960052DC3A /* MediaTapDetectingImageView.swift */ = {isa = PBXFileReference; fileEncoding = 4; lastKnownFileType = sourcecode.swift; path = MediaTapDetectingImageView.swift; sourceTree = "<group>"; };
		1906ABDA1F5F83960052DC3A /* MediaTapDetectingView.swift */ = {isa = PBXFileReference; fileEncoding = 4; lastKnownFileType = sourcecode.swift; path = MediaTapDetectingView.swift; sourceTree = "<group>"; };
		1906ABDB1F5F83960052DC3A /* UIImageExtension.swift */ = {isa = PBXFileReference; fileEncoding = 4; lastKnownFileType = sourcecode.swift; path = UIImageExtension.swift; sourceTree = "<group>"; };
		1906ABDC1F5F83960052DC3A /* MediaZoomingScrollView.swift */ = {isa = PBXFileReference; fileEncoding = 4; lastKnownFileType = sourcecode.swift; path = MediaZoomingScrollView.swift; sourceTree = "<group>"; };
		1906ABE81F5F9A100052DC3A /* MediaBrowser.xcassets */ = {isa = PBXFileReference; lastKnownFileType = folder.assetcatalog; path = MediaBrowser.xcassets; sourceTree = "<group>"; };
		192BD21C2250A89F00864527 /* MediaBrowser+UIScrollViewDelegate.swift */ = {isa = PBXFileReference; fileEncoding = 4; lastKnownFileType = sourcecode.swift; path = "MediaBrowser+UIScrollViewDelegate.swift"; sourceTree = "<group>"; };
		192BD21D2250A89F00864527 /* MediaBrowser.swift */ = {isa = PBXFileReference; fileEncoding = 4; lastKnownFileType = sourcecode.swift; path = MediaBrowser.swift; sourceTree = "<group>"; };
		192BD21E2250A89F00864527 /* MediaBrowser+Paging.swift */ = {isa = PBXFileReference; fileEncoding = 4; lastKnownFileType = sourcecode.swift; path = "MediaBrowser+Paging.swift"; sourceTree = "<group>"; };
		1937C44B1F610CBF00D8724E /* Assets.xcassets */ = {isa = PBXFileReference; lastKnownFileType = folder.assetcatalog; path = Assets.xcassets; sourceTree = "<group>"; };
		1937C44D1F62243F00D8724E /* DemoData.swift */ = {isa = PBXFileReference; fileEncoding = 4; lastKnownFileType = sourcecode.swift; path = DemoData.swift; sourceTree = "<group>"; };
		19B277BF1F63BE5400194941 /* Base */ = {isa = PBXFileReference; lastKnownFileType = file.xib; name = Base; path = Base.lproj/LaunchScreen.xib; sourceTree = "<group>"; };
		19E1F62B1F5FD5F8004D3BA8 /* Atoms.mp4 */ = {isa = PBXFileReference; lastKnownFileType = file; path = Atoms.mp4; sourceTree = "<group>"; };
		19E1F62D1F5FD8EE004D3BA8 /* MediaBrowserDelegate.swift */ = {isa = PBXFileReference; fileEncoding = 4; lastKnownFileType = sourcecode.swift; path = MediaBrowserDelegate.swift; sourceTree = "<group>"; };
		3AEDB6B991DF32A68AA1972E /* Pods-MediaBrowserDemo.release.xcconfig */ = {isa = PBXFileReference; includeInIndex = 1; lastKnownFileType = text.xcconfig; name = "Pods-MediaBrowserDemo.release.xcconfig"; path = "Pods/Target Support Files/Pods-MediaBrowserDemo/Pods-MediaBrowserDemo.release.xcconfig"; sourceTree = "<group>"; };
		56EF6B3B274F5728F0712339 /* Pods-MediaBrowser.release.xcconfig */ = {isa = PBXFileReference; includeInIndex = 1; lastKnownFileType = text.xcconfig; name = "Pods-MediaBrowser.release.xcconfig"; path = "Pods/Target Support Files/Pods-MediaBrowser/Pods-MediaBrowser.release.xcconfig"; sourceTree = "<group>"; };
		570922FC966732103FB7D306 /* Pods_MediaBrowser.framework */ = {isa = PBXFileReference; explicitFileType = wrapper.framework; includeInIndex = 0; path = Pods_MediaBrowser.framework; sourceTree = BUILT_PRODUCTS_DIR; };
		71596D6B20148BBE00870E29 /* SDWebImage.framework */ = {isa = PBXFileReference; lastKnownFileType = wrapper.framework; name = SDWebImage.framework; path = Carthage/Build/iOS/SDWebImage.framework; sourceTree = "<group>"; };
		71596D6D20148BC300870E29 /* UICircularProgressRing.framework */ = {isa = PBXFileReference; lastKnownFileType = wrapper.framework; name = UICircularProgressRing.framework; path = Carthage/Build/iOS/UICircularProgressRing.framework; sourceTree = "<group>"; };
		849923070967750DB33DBED9 /* Pods-MediaBrowserDemo.debug.xcconfig */ = {isa = PBXFileReference; includeInIndex = 1; lastKnownFileType = text.xcconfig; name = "Pods-MediaBrowserDemo.debug.xcconfig"; path = "Pods/Target Support Files/Pods-MediaBrowserDemo/Pods-MediaBrowserDemo.debug.xcconfig"; sourceTree = "<group>"; };
		BF32D5C5A285C283435A6A44 /* Pods-MediaBrowser.debug.xcconfig */ = {isa = PBXFileReference; includeInIndex = 1; lastKnownFileType = text.xcconfig; name = "Pods-MediaBrowser.debug.xcconfig"; path = "Pods/Target Support Files/Pods-MediaBrowser/Pods-MediaBrowser.debug.xcconfig"; sourceTree = "<group>"; };
/* End PBXFileReference section */

/* Begin PBXFrameworksBuildPhase section */
		1906ABAD1F5F81110052DC3A /* Frameworks */ = {
			isa = PBXFrameworksBuildPhase;
			buildActionMask = 2147483647;
			files = (
				71596D6C20148BBE00870E29 /* SDWebImage.framework in Frameworks */,
				71596D6E20148BC300870E29 /* UICircularProgressRing.framework in Frameworks */,
				1782752C1C0AD35E459547A2 /* Pods_MediaBrowser.framework in Frameworks */,
			);
			runOnlyForDeploymentPostprocessing = 0;
		};
		1906ABBD1F5F812D0052DC3A /* Frameworks */ = {
			isa = PBXFrameworksBuildPhase;
			buildActionMask = 2147483647;
			files = (
				192BD20E22509CE900864527 /* MediaBrowser.framework in Frameworks */,
				786961890EA7C05AB0704224 /* Pods_MediaBrowserDemo.framework in Frameworks */,
			);
			runOnlyForDeploymentPostprocessing = 0;
		};
/* End PBXFrameworksBuildPhase section */

/* Begin PBXGroup section */
		0A84EDB382446209B7081631 /* Pods */ = {
			isa = PBXGroup;
			children = (
				BF32D5C5A285C283435A6A44 /* Pods-MediaBrowser.debug.xcconfig */,
				56EF6B3B274F5728F0712339 /* Pods-MediaBrowser.release.xcconfig */,
				849923070967750DB33DBED9 /* Pods-MediaBrowserDemo.debug.xcconfig */,
				3AEDB6B991DF32A68AA1972E /* Pods-MediaBrowserDemo.release.xcconfig */,
			);
			name = Pods;
			sourceTree = "<group>";
		};
		1906ABA71F5F81110052DC3A = {
			isa = PBXGroup;
			children = (
				1906ABB31F5F81120052DC3A /* MediaBrowser */,
				1906ABC11F5F812D0052DC3A /* MediaBrowserDemo */,
				1906ABB21F5F81110052DC3A /* Products */,
				0A84EDB382446209B7081631 /* Pods */,
				C20AA726BED7B222DA9A2FE9 /* Frameworks */,
			);
			sourceTree = "<group>";
		};
		1906ABB21F5F81110052DC3A /* Products */ = {
			isa = PBXGroup;
			children = (
				1906ABB11F5F81110052DC3A /* MediaBrowser.framework */,
				1906ABC01F5F812D0052DC3A /* MediaBrowserDemo.app */,
			);
			name = Products;
			sourceTree = "<group>";
		};
		1906ABB31F5F81120052DC3A /* MediaBrowser */ = {
			isa = PBXGroup;
			children = (
				192BD21D2250A89F00864527 /* MediaBrowser.swift */,
				192BD21E2250A89F00864527 /* MediaBrowser+Paging.swift */,
				192BD21C2250A89F00864527 /* MediaBrowser+UIScrollViewDelegate.swift */,
				1906ABD21F5F83960052DC3A /* MediaCaptionView.swift */,
				1906ABD31F5F83960052DC3A /* MediaGridCell.swift */,
				1906ABD41F5F83960052DC3A /* MediaGridViewController.swift */,
				1906ABD61F5F83960052DC3A /* Media.swift */,
				19E1F62D1F5FD8EE004D3BA8 /* MediaBrowserDelegate.swift */,
				1906ABD91F5F83960052DC3A /* MediaTapDetectingImageView.swift */,
				1906ABDA1F5F83960052DC3A /* MediaTapDetectingView.swift */,
				1906ABDC1F5F83960052DC3A /* MediaZoomingScrollView.swift */,
				1906ABDB1F5F83960052DC3A /* UIImageExtension.swift */,
				1906ABB41F5F81120052DC3A /* MediaBrowser.h */,
				1906ABB51F5F81120052DC3A /* Info.plist */,
				1906ABE81F5F9A100052DC3A /* MediaBrowser.xcassets */,
			);
			path = MediaBrowser;
			sourceTree = "<group>";
		};
		1906ABC11F5F812D0052DC3A /* MediaBrowserDemo */ = {
			isa = PBXGroup;
			children = (
				1937C44B1F610CBF00D8724E /* Assets.xcassets */,
				19E1F62B1F5FD5F8004D3BA8 /* Atoms.mp4 */,
				1906ABC21F5F812D0052DC3A /* AppDelegate.swift */,
				1906ABC41F5F812D0052DC3A /* ViewController.swift */,
				1937C44D1F62243F00D8724E /* DemoData.swift */,
				1906ABC61F5F812D0052DC3A /* Main.storyboard */,
				19B277BE1F63BE5400194941 /* LaunchScreen.xib */,
				1906ABCE1F5F812D0052DC3A /* Info.plist */,
			);
			path = MediaBrowserDemo;
			sourceTree = "<group>";
		};
		C20AA726BED7B222DA9A2FE9 /* Frameworks */ = {
			isa = PBXGroup;
			children = (
				71596D6D20148BC300870E29 /* UICircularProgressRing.framework */,
				71596D6B20148BBE00870E29 /* SDWebImage.framework */,
				570922FC966732103FB7D306 /* Pods_MediaBrowser.framework */,
				0E7711DC6E06460185D3F457 /* Pods_MediaBrowserDemo.framework */,
			);
			name = Frameworks;
			sourceTree = "<group>";
		};
/* End PBXGroup section */

/* Begin PBXHeadersBuildPhase section */
		1906ABAE1F5F81110052DC3A /* Headers */ = {
			isa = PBXHeadersBuildPhase;
			buildActionMask = 2147483647;
			files = (
				1906ABB61F5F81120052DC3A /* MediaBrowser.h in Headers */,
			);
			runOnlyForDeploymentPostprocessing = 0;
		};
/* End PBXHeadersBuildPhase section */

/* Begin PBXNativeTarget section */
		1906ABB01F5F81110052DC3A /* MediaBrowser */ = {
			isa = PBXNativeTarget;
			buildConfigurationList = 1906ABB91F5F81120052DC3A /* Build configuration list for PBXNativeTarget "MediaBrowser" */;
			buildPhases = (
				0C26AE7EAC3BB33AE3116C77 /* [CP] Check Pods Manifest.lock */,
				1906ABAC1F5F81110052DC3A /* Sources */,
				1906ABAD1F5F81110052DC3A /* Frameworks */,
				1906ABAE1F5F81110052DC3A /* Headers */,
				1906ABAF1F5F81110052DC3A /* Resources */,
			);
			buildRules = (
			);
			dependencies = (
			);
			name = MediaBrowser;
			productName = MediaBrowser;
			productReference = 1906ABB11F5F81110052DC3A /* MediaBrowser.framework */;
			productType = "com.apple.product-type.framework";
		};
		1906ABBF1F5F812D0052DC3A /* MediaBrowserDemo */ = {
			isa = PBXNativeTarget;
			buildConfigurationList = 1906ABD11F5F812D0052DC3A /* Build configuration list for PBXNativeTarget "MediaBrowserDemo" */;
			buildPhases = (
				EE79300A0D923DC6E0E0A33D /* [CP] Check Pods Manifest.lock */,
				1906ABBC1F5F812D0052DC3A /* Sources */,
				1906ABBD1F5F812D0052DC3A /* Frameworks */,
				1906ABBE1F5F812D0052DC3A /* Resources */,
				369573559A2B17E91D9089BA /* [CP] Embed Pods Frameworks */,
				192BD21222509CEA00864527 /* Embed Frameworks */,
			);
			buildRules = (
			);
			dependencies = (
				192BD21122509CE900864527 /* PBXTargetDependency */,
			);
			name = MediaBrowserDemo;
			productName = MediaBrowserDemo;
			productReference = 1906ABC01F5F812D0052DC3A /* MediaBrowserDemo.app */;
			productType = "com.apple.product-type.application";
		};
/* End PBXNativeTarget section */

/* Begin PBXProject section */
		1906ABA81F5F81110052DC3A /* Project object */ = {
			isa = PBXProject;
			attributes = {
				LastSwiftUpdateCheck = 0830;
				LastUpgradeCheck = 1020;
				ORGANIZATIONNAME = "Seungyoun Yi";
				TargetAttributes = {
					1906ABB01F5F81110052DC3A = {
						CreatedOnToolsVersion = 8.3.3;
						DevelopmentTeam = 4G7K3CN2JU;
						LastSwiftMigration = 0830;
						ProvisioningStyle = Automatic;
					};
					1906ABBF1F5F812D0052DC3A = {
						CreatedOnToolsVersion = 8.3.3;
						DevelopmentTeam = 4G7K3CN2JU;
						ProvisioningStyle = Automatic;
					};
				};
			};
			buildConfigurationList = 1906ABAB1F5F81110052DC3A /* Build configuration list for PBXProject "MediaBrowser" */;
			compatibilityVersion = "Xcode 3.2";
			developmentRegion = English;
			hasScannedForEncodings = 0;
			knownRegions = (
				English,
				en,
				Base,
			);
			mainGroup = 1906ABA71F5F81110052DC3A;
			productRefGroup = 1906ABB21F5F81110052DC3A /* Products */;
			projectDirPath = "";
			projectRoot = "";
			targets = (
				1906ABB01F5F81110052DC3A /* MediaBrowser */,
				1906ABBF1F5F812D0052DC3A /* MediaBrowserDemo */,
			);
		};
/* End PBXProject section */

/* Begin PBXResourcesBuildPhase section */
		1906ABAF1F5F81110052DC3A /* Resources */ = {
			isa = PBXResourcesBuildPhase;
			buildActionMask = 2147483647;
			files = (
				1906ABE91F5F9A100052DC3A /* MediaBrowser.xcassets in Resources */,
			);
			runOnlyForDeploymentPostprocessing = 0;
		};
		1906ABBE1F5F812D0052DC3A /* Resources */ = {
			isa = PBXResourcesBuildPhase;
			buildActionMask = 2147483647;
			files = (
				19B277C01F63BE5400194941 /* LaunchScreen.xib in Resources */,
				19E1F62C1F5FD5F8004D3BA8 /* Atoms.mp4 in Resources */,
				1937C44C1F610CBF00D8724E /* Assets.xcassets in Resources */,
				1906ABC81F5F812D0052DC3A /* Main.storyboard in Resources */,
			);
			runOnlyForDeploymentPostprocessing = 0;
		};
/* End PBXResourcesBuildPhase section */

/* Begin PBXShellScriptBuildPhase section */
		0C26AE7EAC3BB33AE3116C77 /* [CP] Check Pods Manifest.lock */ = {
			isa = PBXShellScriptBuildPhase;
			buildActionMask = 2147483647;
			files = (
			);
			inputPaths = (
				"${PODS_PODFILE_DIR_PATH}/Podfile.lock",
				"${PODS_ROOT}/Manifest.lock",
			);
			name = "[CP] Check Pods Manifest.lock";
			outputPaths = (
				"$(DERIVED_FILE_DIR)/Pods-MediaBrowser-checkManifestLockResult.txt",
			);
			runOnlyForDeploymentPostprocessing = 0;
			shellPath = /bin/sh;
			shellScript = "diff \"${PODS_PODFILE_DIR_PATH}/Podfile.lock\" \"${PODS_ROOT}/Manifest.lock\" > /dev/null\nif [ $? != 0 ] ; then\n    # print error to STDERR\n    echo \"error: The sandbox is not in sync with the Podfile.lock. Run 'pod install' or update your CocoaPods installation.\" >&2\n    exit 1\nfi\n# This output is used by Xcode 'outputs' to avoid re-running this script phase.\necho \"SUCCESS\" > \"${SCRIPT_OUTPUT_FILE_0}\"\n";
			showEnvVarsInLog = 0;
		};
		369573559A2B17E91D9089BA /* [CP] Embed Pods Frameworks */ = {
			isa = PBXShellScriptBuildPhase;
			buildActionMask = 2147483647;
			files = (
			);
			inputPaths = (
				"${PODS_ROOT}/Target Support Files/Pods-MediaBrowserDemo/Pods-MediaBrowserDemo-frameworks.sh",
				"${BUILT_PRODUCTS_DIR}/SDWebImage/SDWebImage.framework",
				"${BUILT_PRODUCTS_DIR}/UICircularProgressRing/UICircularProgressRing.framework",
			);
			name = "[CP] Embed Pods Frameworks";
			outputPaths = (
				"${TARGET_BUILD_DIR}/${FRAMEWORKS_FOLDER_PATH}/SDWebImage.framework",
				"${TARGET_BUILD_DIR}/${FRAMEWORKS_FOLDER_PATH}/UICircularProgressRing.framework",
			);
			runOnlyForDeploymentPostprocessing = 0;
			shellPath = /bin/sh;
			shellScript = "\"${PODS_ROOT}/Target Support Files/Pods-MediaBrowserDemo/Pods-MediaBrowserDemo-frameworks.sh\"\n";
			showEnvVarsInLog = 0;
		};
		EE79300A0D923DC6E0E0A33D /* [CP] Check Pods Manifest.lock */ = {
			isa = PBXShellScriptBuildPhase;
			buildActionMask = 2147483647;
			files = (
			);
			inputPaths = (
				"${PODS_PODFILE_DIR_PATH}/Podfile.lock",
				"${PODS_ROOT}/Manifest.lock",
			);
			name = "[CP] Check Pods Manifest.lock";
			outputPaths = (
				"$(DERIVED_FILE_DIR)/Pods-MediaBrowserDemo-checkManifestLockResult.txt",
			);
			runOnlyForDeploymentPostprocessing = 0;
			shellPath = /bin/sh;
			shellScript = "diff \"${PODS_PODFILE_DIR_PATH}/Podfile.lock\" \"${PODS_ROOT}/Manifest.lock\" > /dev/null\nif [ $? != 0 ] ; then\n    # print error to STDERR\n    echo \"error: The sandbox is not in sync with the Podfile.lock. Run 'pod install' or update your CocoaPods installation.\" >&2\n    exit 1\nfi\n# This output is used by Xcode 'outputs' to avoid re-running this script phase.\necho \"SUCCESS\" > \"${SCRIPT_OUTPUT_FILE_0}\"\n";
			showEnvVarsInLog = 0;
		};
/* End PBXShellScriptBuildPhase section */

/* Begin PBXSourcesBuildPhase section */
		1906ABAC1F5F81110052DC3A /* Sources */ = {
			isa = PBXSourcesBuildPhase;
			buildActionMask = 2147483647;
			files = (
				192BD21F2250A89F00864527 /* MediaBrowser+UIScrollViewDelegate.swift in Sources */,
				1906ABE71F5F83960052DC3A /* MediaZoomingScrollView.swift in Sources */,
				1906ABE41F5F83960052DC3A /* MediaTapDetectingImageView.swift in Sources */,
				19E1F62E1F5FD8EE004D3BA8 /* MediaBrowserDelegate.swift in Sources */,
				192BD2202250A89F00864527 /* MediaBrowser.swift in Sources */,
				192BD2212250A89F00864527 /* MediaBrowser+Paging.swift in Sources */,
				1906ABE51F5F83960052DC3A /* MediaTapDetectingView.swift in Sources */,
				1906ABE61F5F83960052DC3A /* UIImageExtension.swift in Sources */,
				1906ABE11F5F83960052DC3A /* Media.swift in Sources */,
				1906ABDD1F5F83960052DC3A /* MediaCaptionView.swift in Sources */,
				1906ABDE1F5F83960052DC3A /* MediaGridCell.swift in Sources */,
				1906ABDF1F5F83960052DC3A /* MediaGridViewController.swift in Sources */,
			);
			runOnlyForDeploymentPostprocessing = 0;
		};
		1906ABBC1F5F812D0052DC3A /* Sources */ = {
			isa = PBXSourcesBuildPhase;
			buildActionMask = 2147483647;
			files = (
				1937C44E1F62243F00D8724E /* DemoData.swift in Sources */,
				1906ABC51F5F812D0052DC3A /* ViewController.swift in Sources */,
				1906ABC31F5F812D0052DC3A /* AppDelegate.swift in Sources */,
			);
			runOnlyForDeploymentPostprocessing = 0;
		};
/* End PBXSourcesBuildPhase section */

/* Begin PBXTargetDependency section */
		192BD21122509CE900864527 /* PBXTargetDependency */ = {
			isa = PBXTargetDependency;
			target = 1906ABB01F5F81110052DC3A /* MediaBrowser */;
			targetProxy = 192BD21022509CE900864527 /* PBXContainerItemProxy */;
		};
/* End PBXTargetDependency section */

/* Begin PBXVariantGroup section */
		1906ABC61F5F812D0052DC3A /* Main.storyboard */ = {
			isa = PBXVariantGroup;
			children = (
				1906ABC71F5F812D0052DC3A /* Base */,
			);
			name = Main.storyboard;
			sourceTree = "<group>";
		};
		19B277BE1F63BE5400194941 /* LaunchScreen.xib */ = {
			isa = PBXVariantGroup;
			children = (
				19B277BF1F63BE5400194941 /* Base */,
			);
			name = LaunchScreen.xib;
			sourceTree = "<group>";
		};
/* End PBXVariantGroup section */

/* Begin XCBuildConfiguration section */
		1906ABB71F5F81120052DC3A /* Debug */ = {
			isa = XCBuildConfiguration;
			buildSettings = {
				ALWAYS_EMBED_SWIFT_STANDARD_LIBRARIES = "$(inherited)";
				ALWAYS_SEARCH_USER_PATHS = NO;
				CLANG_ANALYZER_LOCALIZABILITY_NONLOCALIZED = YES;
				CLANG_ANALYZER_NONNULL = YES;
				CLANG_ANALYZER_NUMBER_OBJECT_CONVERSION = YES_AGGRESSIVE;
				CLANG_CXX_LANGUAGE_STANDARD = "gnu++0x";
				CLANG_CXX_LIBRARY = "libc++";
				CLANG_ENABLE_MODULES = YES;
				CLANG_ENABLE_OBJC_ARC = YES;
				CLANG_WARN_BLOCK_CAPTURE_AUTORELEASING = YES;
				CLANG_WARN_BOOL_CONVERSION = YES;
				CLANG_WARN_COMMA = YES;
				CLANG_WARN_CONSTANT_CONVERSION = YES;
				CLANG_WARN_DEPRECATED_OBJC_IMPLEMENTATIONS = YES;
				CLANG_WARN_DIRECT_OBJC_ISA_USAGE = YES_ERROR;
				CLANG_WARN_DOCUMENTATION_COMMENTS = YES;
				CLANG_WARN_EMPTY_BODY = YES;
				CLANG_WARN_ENUM_CONVERSION = YES;
				CLANG_WARN_INFINITE_RECURSION = YES;
				CLANG_WARN_INT_CONVERSION = YES;
				CLANG_WARN_NON_LITERAL_NULL_CONVERSION = YES;
				CLANG_WARN_OBJC_IMPLICIT_RETAIN_SELF = YES;
				CLANG_WARN_OBJC_LITERAL_CONVERSION = YES;
				CLANG_WARN_OBJC_ROOT_CLASS = YES_ERROR;
				CLANG_WARN_RANGE_LOOP_ANALYSIS = YES;
				CLANG_WARN_STRICT_PROTOTYPES = YES;
				CLANG_WARN_SUSPICIOUS_MOVE = YES;
				CLANG_WARN_UNREACHABLE_CODE = YES;
				CLANG_WARN__DUPLICATE_METHOD_MATCH = YES;
				"CODE_SIGN_IDENTITY[sdk=iphoneos*]" = "iPhone Developer";
				COPY_PHASE_STRIP = NO;
				CURRENT_PROJECT_VERSION = 1;
				DEBUG_INFORMATION_FORMAT = dwarf;
				ENABLE_STRICT_OBJC_MSGSEND = YES;
				ENABLE_TESTABILITY = YES;
				GCC_C_LANGUAGE_STANDARD = gnu99;
				GCC_DYNAMIC_NO_PIC = NO;
				GCC_NO_COMMON_BLOCKS = YES;
				GCC_OPTIMIZATION_LEVEL = 0;
				GCC_PREPROCESSOR_DEFINITIONS = (
					"DEBUG=1",
					"$(inherited)",
				);
				GCC_WARN_64_TO_32_BIT_CONVERSION = YES;
				GCC_WARN_ABOUT_RETURN_TYPE = YES_ERROR;
				GCC_WARN_UNDECLARED_SELECTOR = YES;
				GCC_WARN_UNINITIALIZED_AUTOS = YES_AGGRESSIVE;
				GCC_WARN_UNUSED_FUNCTION = YES;
				GCC_WARN_UNUSED_VARIABLE = YES;
				IPHONEOS_DEPLOYMENT_TARGET = 13.0;
				MTL_ENABLE_DEBUG_INFO = YES;
				ONLY_ACTIVE_ARCH = YES;
				SDKROOT = iphoneos;
				SWIFT_ACTIVE_COMPILATION_CONDITIONS = DEBUG;
				SWIFT_OPTIMIZATION_LEVEL = "-Onone";
				SWIFT_VERSION = 5.0;
				TARGETED_DEVICE_FAMILY = "1,2";
				VERSIONING_SYSTEM = "apple-generic";
				VERSION_INFO_PREFIX = "";
			};
			name = Debug;
		};
		1906ABB81F5F81120052DC3A /* Release */ = {
			isa = XCBuildConfiguration;
			buildSettings = {
				ALWAYS_EMBED_SWIFT_STANDARD_LIBRARIES = "$(inherited)";
				ALWAYS_SEARCH_USER_PATHS = NO;
				CLANG_ANALYZER_LOCALIZABILITY_NONLOCALIZED = YES;
				CLANG_ANALYZER_NONNULL = YES;
				CLANG_ANALYZER_NUMBER_OBJECT_CONVERSION = YES_AGGRESSIVE;
				CLANG_CXX_LANGUAGE_STANDARD = "gnu++0x";
				CLANG_CXX_LIBRARY = "libc++";
				CLANG_ENABLE_MODULES = YES;
				CLANG_ENABLE_OBJC_ARC = YES;
				CLANG_WARN_BLOCK_CAPTURE_AUTORELEASING = YES;
				CLANG_WARN_BOOL_CONVERSION = YES;
				CLANG_WARN_COMMA = YES;
				CLANG_WARN_CONSTANT_CONVERSION = YES;
				CLANG_WARN_DEPRECATED_OBJC_IMPLEMENTATIONS = YES;
				CLANG_WARN_DIRECT_OBJC_ISA_USAGE = YES_ERROR;
				CLANG_WARN_DOCUMENTATION_COMMENTS = YES;
				CLANG_WARN_EMPTY_BODY = YES;
				CLANG_WARN_ENUM_CONVERSION = YES;
				CLANG_WARN_INFINITE_RECURSION = YES;
				CLANG_WARN_INT_CONVERSION = YES;
				CLANG_WARN_NON_LITERAL_NULL_CONVERSION = YES;
				CLANG_WARN_OBJC_IMPLICIT_RETAIN_SELF = YES;
				CLANG_WARN_OBJC_LITERAL_CONVERSION = YES;
				CLANG_WARN_OBJC_ROOT_CLASS = YES_ERROR;
				CLANG_WARN_RANGE_LOOP_ANALYSIS = YES;
				CLANG_WARN_STRICT_PROTOTYPES = YES;
				CLANG_WARN_SUSPICIOUS_MOVE = YES;
				CLANG_WARN_UNREACHABLE_CODE = YES;
				CLANG_WARN__DUPLICATE_METHOD_MATCH = YES;
				"CODE_SIGN_IDENTITY[sdk=iphoneos*]" = "iPhone Developer";
				COPY_PHASE_STRIP = NO;
				CURRENT_PROJECT_VERSION = 1;
				DEBUG_INFORMATION_FORMAT = "dwarf-with-dsym";
				ENABLE_NS_ASSERTIONS = NO;
				ENABLE_STRICT_OBJC_MSGSEND = YES;
				GCC_C_LANGUAGE_STANDARD = gnu99;
				GCC_NO_COMMON_BLOCKS = YES;
				GCC_WARN_64_TO_32_BIT_CONVERSION = YES;
				GCC_WARN_ABOUT_RETURN_TYPE = YES_ERROR;
				GCC_WARN_UNDECLARED_SELECTOR = YES;
				GCC_WARN_UNINITIALIZED_AUTOS = YES_AGGRESSIVE;
				GCC_WARN_UNUSED_FUNCTION = YES;
				GCC_WARN_UNUSED_VARIABLE = YES;
				IPHONEOS_DEPLOYMENT_TARGET = 13.0;
				MTL_ENABLE_DEBUG_INFO = NO;
				SDKROOT = iphoneos;
				SWIFT_OPTIMIZATION_LEVEL = "-Owholemodule";
				SWIFT_VERSION = 5.0;
				TARGETED_DEVICE_FAMILY = "1,2";
				VALIDATE_PRODUCT = YES;
				VERSIONING_SYSTEM = "apple-generic";
				VERSION_INFO_PREFIX = "";
			};
			name = Release;
		};
		1906ABBA1F5F81120052DC3A /* Debug */ = {
			isa = XCBuildConfiguration;
			baseConfigurationReference = BF32D5C5A285C283435A6A44 /* Pods-MediaBrowser.debug.xcconfig */;
			buildSettings = {
				CLANG_ENABLE_MODULES = YES;
				CODE_SIGN_IDENTITY = "";
				DEFINES_MODULE = YES;
				DEVELOPMENT_TEAM = 4G7K3CN2JU;
				DYLIB_COMPATIBILITY_VERSION = 1;
				DYLIB_CURRENT_VERSION = 1;
				DYLIB_INSTALL_NAME_BASE = "@rpath";
				FRAMEWORK_SEARCH_PATHS = "$(inherited)";
				INFOPLIST_FILE = MediaBrowser/Info.plist;
				INSTALL_PATH = "$(LOCAL_LIBRARY_DIR)/Frameworks";
				LD_RUNPATH_SEARCH_PATHS = "$(inherited) @executable_path/Frameworks @loader_path/Frameworks";
				PRODUCT_BUNDLE_IDENTIFIER = com.seungyounyi.MediaBrowser;
				PRODUCT_NAME = "$(TARGET_NAME)";
				SKIP_INSTALL = YES;
				SWIFT_OPTIMIZATION_LEVEL = "-Onone";
				SWIFT_VERSION = 5.0;
			};
			name = Debug;
		};
		1906ABBB1F5F81120052DC3A /* Release */ = {
			isa = XCBuildConfiguration;
			baseConfigurationReference = 56EF6B3B274F5728F0712339 /* Pods-MediaBrowser.release.xcconfig */;
			buildSettings = {
				CLANG_ENABLE_MODULES = YES;
				CODE_SIGN_IDENTITY = "";
				DEFINES_MODULE = YES;
				DEVELOPMENT_TEAM = 4G7K3CN2JU;
				DYLIB_COMPATIBILITY_VERSION = 1;
				DYLIB_CURRENT_VERSION = 1;
				DYLIB_INSTALL_NAME_BASE = "@rpath";
				FRAMEWORK_SEARCH_PATHS = "$(inherited)";
				INFOPLIST_FILE = MediaBrowser/Info.plist;
				INSTALL_PATH = "$(LOCAL_LIBRARY_DIR)/Frameworks";
				LD_RUNPATH_SEARCH_PATHS = "$(inherited) @executable_path/Frameworks @loader_path/Frameworks";
				PRODUCT_BUNDLE_IDENTIFIER = com.seungyounyi.MediaBrowser;
				PRODUCT_NAME = "$(TARGET_NAME)";
				SKIP_INSTALL = YES;
				SWIFT_VERSION = 5.0;
			};
			name = Release;
		};
		1906ABCF1F5F812D0052DC3A /* Debug */ = {
			isa = XCBuildConfiguration;
			baseConfigurationReference = 849923070967750DB33DBED9 /* Pods-MediaBrowserDemo.debug.xcconfig */;
			buildSettings = {
				ALWAYS_EMBED_SWIFT_STANDARD_LIBRARIES = YES;
				ASSETCATALOG_COMPILER_APPICON_NAME = AppIcon;
				DEVELOPMENT_TEAM = 4G7K3CN2JU;
				INFOPLIST_FILE = MediaBrowserDemo/Info.plist;
				LD_RUNPATH_SEARCH_PATHS = "$(inherited) @executable_path/Frameworks";
				PRODUCT_BUNDLE_IDENTIFIER = com.seungyounyi.MediaBrowserDemo;
				PRODUCT_NAME = "$(TARGET_NAME)";
				SWIFT_VERSION = 5.0;
			};
			name = Debug;
		};
		1906ABD01F5F812D0052DC3A /* Release */ = {
			isa = XCBuildConfiguration;
			baseConfigurationReference = 3AEDB6B991DF32A68AA1972E /* Pods-MediaBrowserDemo.release.xcconfig */;
			buildSettings = {
				ALWAYS_EMBED_SWIFT_STANDARD_LIBRARIES = YES;
				ASSETCATALOG_COMPILER_APPICON_NAME = AppIcon;
				DEVELOPMENT_TEAM = 4G7K3CN2JU;
				INFOPLIST_FILE = MediaBrowserDemo/Info.plist;
				LD_RUNPATH_SEARCH_PATHS = "$(inherited) @executable_path/Frameworks";
				PRODUCT_BUNDLE_IDENTIFIER = com.seungyounyi.MediaBrowserDemo;
				PRODUCT_NAME = "$(TARGET_NAME)";
				SWIFT_VERSION = 5.0;
			};
			name = Release;
		};
/* End XCBuildConfiguration section */

/* Begin XCConfigurationList section */
		1906ABAB1F5F81110052DC3A /* Build configuration list for PBXProject "MediaBrowser" */ = {
			isa = XCConfigurationList;
			buildConfigurations = (
				1906ABB71F5F81120052DC3A /* Debug */,
				1906ABB81F5F81120052DC3A /* Release */,
			);
			defaultConfigurationIsVisible = 0;
			defaultConfigurationName = Release;
		};
		1906ABB91F5F81120052DC3A /* Build configuration list for PBXNativeTarget "MediaBrowser" */ = {
			isa = XCConfigurationList;
			buildConfigurations = (
				1906ABBA1F5F81120052DC3A /* Debug */,
				1906ABBB1F5F81120052DC3A /* Release */,
			);
			defaultConfigurationIsVisible = 0;
			defaultConfigurationName = Release;
		};
		1906ABD11F5F812D0052DC3A /* Build configuration list for PBXNativeTarget "MediaBrowserDemo" */ = {
			isa = XCConfigurationList;
			buildConfigurations = (
				1906ABCF1F5F812D0052DC3A /* Debug */,
				1906ABD01F5F812D0052DC3A /* Release */,
			);
			defaultConfigurationIsVisible = 0;
			defaultConfigurationName = Release;
		};
/* End XCConfigurationList section */
	};
	rootObject = 1906ABA81F5F81110052DC3A /* Project object */;
}
